
Microsoft Visual Studio Solution File, Format Version 12.00
# Visual Studio Version 17
VisualStudioVersion = 17.7.34018.315
MinimumVisualStudioVersion = 10.0.40219.1
Project("{8BC9CEB8-8B4A-11D0-8D11-00A0C91BC942}") = "OpenGLIsOnFleek", "OpenGLIsOnFleek\OpenGLIsOnFleek.vcxproj", "{FAAB37A9-C81F-4E91-B817-0F65BA453C41}"
EndProject
Global
	GlobalSection(SolutionConfigurationPlatforms) = preSolution
		Debug|x64 = Debug|x64
		Debug|x86 = Debug|x86
		Release|x64 = Release|x64
		Release|x86 = Release|x86
	EndGlobalSection
	GlobalSection(ProjectConfigurationPlatforms) = postSolution
		{FAAB37A9-C81F-4E91-B817-0F65BA453C41}.Debug|x64.ActiveCfg = Debug|x64
		{FAAB37A9-C81F-4E91-B817-0F65BA453C41}.Debug|x64.Build.0 = Debug|x64
		{FAAB37A9-C81F-4E91-B817-0F65BA453C41}.Debug|x86.ActiveCfg = Debug|Win32
		{FAAB37A9-C81F-4E91-B817-0F65BA453C41}.Debug|x86.Build.0 = Debug|Win32
		{FAAB37A9-C81F-4E91-B817-0F65BA453C41}.Release|x64.ActiveCfg = Release|x64
		{FAAB37A9-C81F-4E91-B817-0F65BA453C41}.Release|x64.Build.0 = Release|x64
		{FAAB37A9-C81F-4E91-B817-0F65BA453C41}.Release|x86.ActiveCfg = Release|Win32
		{FAAB37A9-C81F-4E91-B817-0F65BA453C41}.Release|x86.Build.0 = Release|Win32
	EndGlobalSection
	GlobalSection(SolutionProperties) = preSolution
		HideSolutionNode = FALSE
	EndGlobalSection
	GlobalSection(ExtensibilityGlobals) = postSolution
		SolutionGuid = {96BEB327-EA51-4215-ABCB-3A1BB6C701B4}
	EndGlobalSection
EndGlobal
