<?xml version="1.0" encoding="utf-8"?>
<Project ToolsVersion="4.0" xmlns="http://schemas.microsoft.com/developer/msbuild/2003">
  <ItemGroup>
    <Filter Include="Source Files">
      <UniqueIdentifier>{4FC737F1-C7A5-4376-A066-2A32D752A2FF}</UniqueIdentifier>
      <Extensions>cpp;c;cc;cxx;c++;cppm;ixx;def;odl;idl;hpj;bat;asm;asmx</Extensions>
    </Filter>
    <Filter Include="Header Files">
      <UniqueIdentifier>{93995380-89BD-4b04-88EB-625FBE52EBFB}</UniqueIdentifier>
      <Extensions>h;hh;hpp;hxx;h++;hm;inl;inc;ipp;xsd</Extensions>
    </Filter>
    <Filter Include="Resource Files">
      <UniqueIdentifier>{67DA6AB6-F800-4c08-8B7A-83BB121AAD01}</UniqueIdentifier>
      <Extensions>rc;ico;cur;bmp;dlg;rc2;rct;bin;rgs;gif;jpg;jpeg;jpe;resx;tiff;tif;png;wav;mfcribbon-ms</Extensions>
    </Filter>
    <Filter Include="ShaderManager">
      <UniqueIdentifier>{259c8837-5282-4da7-a1d4-a2fb0d85f5f1}</UniqueIdentifier>
    </Filter>
    <Filter Include="cMesh">
      <UniqueIdentifier>{8588b2db-782d-4859-8e76-647535a93c03}</UniqueIdentifier>
    </Filter>
    <Filter Include="MeshObjectManager">
      <UniqueIdentifier>{01d67596-ebe7-4daa-a748-6d5f0a30a8bf}</UniqueIdentifier>
    </Filter>
    <Filter Include="ShaderManager\Shaders">
      <UniqueIdentifier>{c38c5f13-6225-419e-a6fd-53fb34fe99fb}</UniqueIdentifier>
    </Filter>
    <Filter Include="DebugRenderer">
      <UniqueIdentifier>{74a0cc48-2171-4531-887b-146a2b7f2293}</UniqueIdentifier>
    </Filter>
    <Filter Include="Global Stuff">
      <UniqueIdentifier>{143e5d91-11fb-4502-af4c-ae13c61f63ae}</UniqueIdentifier>
    </Filter>
    <Filter Include="Lights">
      <UniqueIdentifier>{98381d53-9e58-43fc-a634-99a5a36c2248}</UniqueIdentifier>
    </Filter>
    <Filter Include="Physics_Stuff">
      <UniqueIdentifier>{5b55af3a-96a6-4303-83fe-718973b08afd}</UniqueIdentifier>
    </Filter>
    <Filter Include="TextureManager">
      <UniqueIdentifier>{4d886445-085f-41aa-965a-12e1a05c5362}</UniqueIdentifier>
    </Filter>
    <Filter Include="Timing">
      <UniqueIdentifier>{c9a83340-4545-48b5-830a-ecc656d95e78}</UniqueIdentifier>
    </Filter>
    <Filter Include="Commands">
      <UniqueIdentifier>{36cc4752-e3bb-4c8c-8c59-8d29b89a9efb}</UniqueIdentifier>
    </Filter>
    <Filter Include="Lua">
      <UniqueIdentifier>{3c736abb-8eec-4e04-b30e-dab29bc5dbde}</UniqueIdentifier>
    </Filter>
    <Filter Include="Commands\Command_V2">
      <UniqueIdentifier>{130ea9de-83a9-4c20-8921-ad291ab914af}</UniqueIdentifier>
    </Filter>
    <Filter Include="LayoutLoader">
      <UniqueIdentifier>{7811ae0f-c941-4b94-8fe4-1808bc654475}</UniqueIdentifier>
    </Filter>
    <Filter Include="PlayerObjects">
      <UniqueIdentifier>{be23fe2f-c721-43d8-ae27-02681397f5db}</UniqueIdentifier>
    </Filter>
    <Filter Include="cJSONLoader">
      <UniqueIdentifier>{32412be0-d383-4e00-9dc4-8f864d66add9}</UniqueIdentifier>
    </Filter>
    <Filter Include="sqlite">
      <UniqueIdentifier>{f7dc3425-674c-4010-a7ff-574d92458d17}</UniqueIdentifier>
    </Filter>
  </ItemGroup>
  <ItemGroup>
    <ClCompile Include="theMain.cpp">
      <Filter>Source Files</Filter>
    </ClCompile>
    <ClCompile Include="glad.c">
      <Filter>Source Files</Filter>
    </ClCompile>
    <ClCompile Include="Basic Shader Manager\cShader.cpp">
      <Filter>ShaderManager</Filter>
    </ClCompile>
    <ClCompile Include="Basic Shader Manager\cShaderManager.cpp">
      <Filter>ShaderManager</Filter>
    </ClCompile>
    <ClCompile Include="cMesh.cpp">
      <Filter>cMesh</Filter>
    </ClCompile>
    <ClCompile Include="cVAOManager\cVAOManager.cpp">
      <Filter>MeshObjectManager</Filter>
    </ClCompile>
    <ClCompile Include="ScenePersistence.cpp">
      <Filter>Source Files</Filter>
    </ClCompile>
    <ClCompile Include="LoadModels_and_LuaScripts.cpp">
      <Filter>Source Files</Filter>
    </ClCompile>
    <ClCompile Include="cDebugRenderer.cpp">
      <Filter>DebugRenderer</Filter>
    </ClCompile>
    <ClCompile Include="cGlobal.cpp">
      <Filter>Global Stuff</Filter>
    </ClCompile>
    <ClCompile Include="InputHandling.cpp">
      <Filter>Source Files</Filter>
    </ClCompile>
    <ClCompile Include="cLightManager.cpp">
      <Filter>Lights</Filter>
    </ClCompile>
    <ClCompile Include="cLightHelper.cpp">
      <Filter>Lights</Filter>
    </ClCompile>
    <ClCompile Include="PhysicsUpdateLoop.cpp">
      <Filter>Physics_Stuff</Filter>
    </ClCompile>
    <ClCompile Include="sPhsyicsProperties.cpp">
      <Filter>Physics_Stuff</Filter>
    </ClCompile>
    <ClCompile Include="cPhysics.cpp">
      <Filter>Physics_Stuff</Filter>
    </ClCompile>
    <ClCompile Include="cPhysics_Update.cpp">
      <Filter>Physics_Stuff</Filter>
    </ClCompile>
    <ClCompile Include="cVAOManager\sModelDrawInfo.cpp">
      <Filter>MeshObjectManager</Filter>
    </ClCompile>
    <ClCompile Include="cPhysics_IntersectionTests.cpp">
      <Filter>Physics_Stuff</Filter>
    </ClCompile>
    <ClCompile Include="cPhysics_BasicTests.cpp">
      <Filter>Physics_Stuff</Filter>
    </ClCompile>
    <ClCompile Include="TextureManager\C24BitBMPpixel.cpp">
      <Filter>TextureManager</Filter>
    </ClCompile>
    <ClCompile Include="TextureManager\cBasicTextureManager.cpp">
      <Filter>TextureManager</Filter>
    </ClCompile>
    <ClCompile Include="TextureManager\CTextureFromBMP.cpp">
      <Filter>TextureManager</Filter>
    </ClCompile>
    <ClCompile Include="cPhysics_AABB_Subdivide.cpp">
      <Filter>Physics_Stuff</Filter>
    </ClCompile>
    <ClCompile Include="cHiResTimer.cpp">
      <Filter>Timing</Filter>
    </ClCompile>
    <ClCompile Include="cCommand_MoveTo.cpp">
      <Filter>Commands</Filter>
    </ClCompile>
    <ClCompile Include="LuaBrain\cLuaBrain.cpp">
      <Filter>Lua</Filter>
    </ClCompile>
    <ClCompile Include="cEvilLuaRobot.cpp">
      <Filter>Lua</Filter>
    </ClCompile>
    <ClCompile Include="cCommandGroup.cpp">
      <Filter>Commands\Command_V2</Filter>
    </ClCompile>
    <ClCompile Include="cLayoutLoader.cpp">
      <Filter>LayoutLoader</Filter>
    </ClCompile>
    <ClCompile Include="cPlayer.cpp">
      <Filter>PlayerObjects</Filter>
    </ClCompile>
    <ClCompile Include="cJSONLoader.cpp">
      <Filter>cJSONLoader</Filter>
    </ClCompile>
    <ClCompile Include="sqlite\sqlite3.c">
      <Filter>sqlite</Filter>
    </ClCompile>
  </ItemGroup>
  <ItemGroup>
    <ClInclude Include="Basic Shader Manager\cShaderManager.h">
      <Filter>ShaderManager</Filter>
    </ClInclude>
    <ClInclude Include="cMesh.h">
      <Filter>cMesh</Filter>
    </ClInclude>
    <ClInclude Include="cVAOManager\cVAOManager.h">
      <Filter>MeshObjectManager</Filter>
    </ClInclude>
    <ClInclude Include="cDebugRender.h">
      <Filter>DebugRenderer</Filter>
    </ClInclude>
    <ClInclude Include="OpenGLCommon.h">
      <Filter>Global Stuff</Filter>
    </ClInclude>
    <ClInclude Include="cGlobal.h">
      <Filter>Global Stuff</Filter>
    </ClInclude>
    <ClInclude Include="GLWF_CallBacks.h">
      <Filter>Header Files</Filter>
    </ClInclude>
    <ClInclude Include="cLightManager.h">
      <Filter>Lights</Filter>
    </ClInclude>
    <ClInclude Include="cLightHelper.h">
      <Filter>Lights</Filter>
    </ClInclude>
    <ClInclude Include="sPhsyicsProperties.h">
      <Filter>Physics_Stuff</Filter>
    </ClInclude>
    <ClInclude Include="iPhysicsMeshTransformAccess.h">
      <Filter>cMesh</Filter>
    </ClInclude>
    <ClInclude Include="cPhysics.h">
      <Filter>Physics_Stuff</Filter>
    </ClInclude>
    <ClInclude Include="cVAOManager\sModelDrawInfo.h">
      <Filter>MeshObjectManager</Filter>
    </ClInclude>
    <ClInclude Include="TextureManager\C24BitBMPpixel.h">
      <Filter>TextureManager</Filter>
    </ClInclude>
    <ClInclude Include="TextureManager\cBasicTextureManager.h">
      <Filter>TextureManager</Filter>
    </ClInclude>
    <ClInclude Include="TextureManager\CTextureFromBMP.h">
      <Filter>TextureManager</Filter>
    </ClInclude>
    <ClInclude Include="cAABB_JUST_SOME_NOTE.h">
      <Filter>Physics_Stuff</Filter>
    </ClInclude>
    <ClInclude Include="cAABB.h">
      <Filter>Physics_Stuff</Filter>
    </ClInclude>
    <ClInclude Include="sTriangle.h">
      <Filter>Physics_Stuff</Filter>
    </ClInclude>
    <ClInclude Include="cHiResTimer.h">
      <Filter>Timing</Filter>
    </ClInclude>
    <ClInclude Include="cCommand_MoveTo.h">
      <Filter>Commands</Filter>
    </ClInclude>
    <ClInclude Include="LuaBrain\cLuaBrain.h">
      <Filter>Lua</Filter>
    </ClInclude>
    <ClInclude Include="cEvilLuaRobot.h">
      <Filter>Lua</Filter>
    </ClInclude>
    <ClInclude Include="iCommand.h">
      <Filter>Commands\Command_V2</Filter>
    </ClInclude>
    <ClInclude Include="cCommandGroup.h">
      <Filter>Commands\Command_V2</Filter>
    </ClInclude>
    <ClInclude Include="cCommandManager.h">
      <Filter>Commands\Command_V2</Filter>
    </ClInclude>
    <ClInclude Include="cCommandFactory.h">
      <Filter>Commands\Command_V2</Filter>
    </ClInclude>
    <ClInclude Include="cLayoutLoader.h">
      <Filter>LayoutLoader</Filter>
    </ClInclude>
    <ClInclude Include="cPlayer.h">
      <Filter>PlayerObjects</Filter>
    </ClInclude>
    <ClInclude Include="cJSONLoader.h">
      <Filter>cJSONLoader</Filter>
    </ClInclude>
    <ClInclude Include="sqlite\sqlite3.h">
      <Filter>sqlite</Filter>
    </ClInclude>
    <ClInclude Include="sqlite\sqlite3ext.h">
      <Filter>sqlite</Filter>
    </ClInclude>
  </ItemGroup>
  <ItemGroup>
    <None Include="assets\shaders\fragmentShader01.glsl">
      <Filter>ShaderManager\Shaders</Filter>
    </None>
    <None Include="assets\shaders\vertexShader01.glsl">
      <Filter>ShaderManager\Shaders</Filter>
    </None>
  </ItemGroup>
</Project>